
Microsoft Visual Studio Solution File, Format Version 12.00
# Visual Studio Version 17
VisualStudioVersion = 17.12.35527.113
MinimumVisualStudioVersion = 10.0.40219.1
Project("{FAE04EC0-301F-11D3-BF4B-00C04F79EFBC}") = "StructureProgramming", "StructureProgramming\StructureProgramming.csproj", "{2070D483-8786-443B-BCF0-A62810569721}"
EndProject
Project("{FAE04EC0-301F-11D3-BF4B-00C04F79EFBC}") = "ObjectOrientedProgramming", "ObjectOrientedProgramming\ObjectOrientedProgramming.csproj", "{777B4E69-AA7F-4873-9F16-17418C694439}"
EndProject
Project("{FAE04EC0-301F-11D3-BF4B-00C04F79EFBC}") = "FunctionalProgramming", "FunctionalProgramming\FunctionalProgramming.csproj", "{85EB604A-189A-4B87-BB03-107768097C82}"
EndProject
Project("{FAE04EC0-301F-11D3-BF4B-00C04F79EFBC}") = "SOLID", "SOLID\SOLID.csproj", "{AA0BA413-4370-48F8-A672-EBD8AB8B6840}"
EndProject
Project("{FAE04EC0-301F-11D3-BF4B-00C04F79EFBC}") = "TestComponent", "TestComponent\TestComponent.csproj", "{C02530EA-1787-4130-B5C9-FA807E8A342C}"
EndProject
Project("{FAE04EC0-301F-11D3-BF4B-00C04F79EFBC}") = "OperationComponent", "OperationComponent\OperationComponent.csproj", "{691DF975-7678-4052-8383-D2FBA7D70C1C}"
EndProject
Project("{FAE04EC0-301F-11D3-BF4B-00C04F79EFBC}") = "BeersRepositoryComponent", "BeersRepositoryComponent\BeersRepositoryComponent.csproj", "{41491437-70D1-4561-BA73-76748C739721}"
EndProject
Project("{FAE04EC0-301F-11D3-BF4B-00C04F79EFBC}") = "BusinessComponent", "BusinessComponent\BusinessComponent.csproj", "{D7F35B24-703B-4589-94FF-39F6B70B1B16}"
EndProject
Project("{FAE04EC0-301F-11D3-BF4B-00C04F79EFBC}") = "TestBusinessComponent", "TestBusinessComponent\TestBusinessComponent.csproj", "{64C9802C-5BE8-4CA1-8471-0FD2B5D21E37}"
EndProject
Project("{FAE04EC0-301F-11D3-BF4B-00C04F79EFBC}") = "RepositoryComponent", "RepositoryComponent\RepositoryComponent.csproj", "{29D5DFC4-A40F-4C04-97AA-2CA2A1967CEC}"
EndProject
Project("{2150E333-8FDC-42A3-9474-1A3956D46DE8}") = "CleanArchitecture", "CleanArchitecture", "{A9AB1118-61C6-48E4-8D7B-9DC51B0C3658}"
EndProject
Project("{FAE04EC0-301F-11D3-BF4B-00C04F79EFBC}") = "CA-EnterpriseLayer", "CA-EnterpriseLayer\CA-EnterpriseLayer.csproj", "{C64B01E3-BF3F-47CC-8CEC-AFB3E8036733}"
EndProject
Project("{FAE04EC0-301F-11D3-BF4B-00C04F79EFBC}") = "CA-ApplicationLayer", "CA-ApplicationLayer\CA-ApplicationLayer.csproj", "{48D68ED6-0199-41DD-89FE-85F639831E0F}"
EndProject
Global
	GlobalSection(SolutionConfigurationPlatforms) = preSolution
		Debug|Any CPU = Debug|Any CPU
		Release|Any CPU = Release|Any CPU
	EndGlobalSection
	GlobalSection(ProjectConfigurationPlatforms) = postSolution
		{2070D483-8786-443B-BCF0-A62810569721}.Debug|Any CPU.ActiveCfg = Debug|Any CPU
		{2070D483-8786-443B-BCF0-A62810569721}.Debug|Any CPU.Build.0 = Debug|Any CPU
		{2070D483-8786-443B-BCF0-A62810569721}.Release|Any CPU.ActiveCfg = Release|Any CPU
		{2070D483-8786-443B-BCF0-A62810569721}.Release|Any CPU.Build.0 = Release|Any CPU
		{777B4E69-AA7F-4873-9F16-17418C694439}.Debug|Any CPU.ActiveCfg = Debug|Any CPU
		{777B4E69-AA7F-4873-9F16-17418C694439}.Debug|Any CPU.Build.0 = Debug|Any CPU
		{777B4E69-AA7F-4873-9F16-17418C694439}.Release|Any CPU.ActiveCfg = Release|Any CPU
		{777B4E69-AA7F-4873-9F16-17418C694439}.Release|Any CPU.Build.0 = Release|Any CPU
		{85EB604A-189A-4B87-BB03-107768097C82}.Debug|Any CPU.ActiveCfg = Debug|Any CPU
		{85EB604A-189A-4B87-BB03-107768097C82}.Debug|Any CPU.Build.0 = Debug|Any CPU
		{85EB604A-189A-4B87-BB03-107768097C82}.Release|Any CPU.ActiveCfg = Release|Any CPU
		{85EB604A-189A-4B87-BB03-107768097C82}.Release|Any CPU.Build.0 = Release|Any CPU
		{AA0BA413-4370-48F8-A672-EBD8AB8B6840}.Debug|Any CPU.ActiveCfg = Debug|Any CPU
		{AA0BA413-4370-48F8-A672-EBD8AB8B6840}.Debug|Any CPU.Build.0 = Debug|Any CPU
		{AA0BA413-4370-48F8-A672-EBD8AB8B6840}.Release|Any CPU.ActiveCfg = Release|Any CPU
		{AA0BA413-4370-48F8-A672-EBD8AB8B6840}.Release|Any CPU.Build.0 = Release|Any CPU
		{C02530EA-1787-4130-B5C9-FA807E8A342C}.Debug|Any CPU.ActiveCfg = Debug|Any CPU
		{C02530EA-1787-4130-B5C9-FA807E8A342C}.Debug|Any CPU.Build.0 = Debug|Any CPU
		{C02530EA-1787-4130-B5C9-FA807E8A342C}.Release|Any CPU.ActiveCfg = Release|Any CPU
		{C02530EA-1787-4130-B5C9-FA807E8A342C}.Release|Any CPU.Build.0 = Release|Any CPU
		{691DF975-7678-4052-8383-D2FBA7D70C1C}.Debug|Any CPU.ActiveCfg = Debug|Any CPU
		{691DF975-7678-4052-8383-D2FBA7D70C1C}.Debug|Any CPU.Build.0 = Debug|Any CPU
		{691DF975-7678-4052-8383-D2FBA7D70C1C}.Release|Any CPU.ActiveCfg = Release|Any CPU
		{691DF975-7678-4052-8383-D2FBA7D70C1C}.Release|Any CPU.Build.0 = Release|Any CPU
		{41491437-70D1-4561-BA73-76748C739721}.Debug|Any CPU.ActiveCfg = Debug|Any CPU
		{41491437-70D1-4561-BA73-76748C739721}.Debug|Any CPU.Build.0 = Debug|Any CPU
		{41491437-70D1-4561-BA73-76748C739721}.Release|Any CPU.ActiveCfg = Release|Any CPU
		{41491437-70D1-4561-BA73-76748C739721}.Release|Any CPU.Build.0 = Release|Any CPU
		{D7F35B24-703B-4589-94FF-39F6B70B1B16}.Debug|Any CPU.ActiveCfg = Debug|Any CPU
		{D7F35B24-703B-4589-94FF-39F6B70B1B16}.Debug|Any CPU.Build.0 = Debug|Any CPU
		{D7F35B24-703B-4589-94FF-39F6B70B1B16}.Release|Any CPU.ActiveCfg = Release|Any CPU
		{D7F35B24-703B-4589-94FF-39F6B70B1B16}.Release|Any CPU.Build.0 = Release|Any CPU
		{64C9802C-5BE8-4CA1-8471-0FD2B5D21E37}.Debug|Any CPU.ActiveCfg = Debug|Any CPU
		{64C9802C-5BE8-4CA1-8471-0FD2B5D21E37}.Debug|Any CPU.Build.0 = Debug|Any CPU
		{64C9802C-5BE8-4CA1-8471-0FD2B5D21E37}.Release|Any CPU.ActiveCfg = Release|Any CPU
		{64C9802C-5BE8-4CA1-8471-0FD2B5D21E37}.Release|Any CPU.Build.0 = Release|Any CPU
		{29D5DFC4-A40F-4C04-97AA-2CA2A1967CEC}.Debug|Any CPU.ActiveCfg = Debug|Any CPU
		{29D5DFC4-A40F-4C04-97AA-2CA2A1967CEC}.Debug|Any CPU.Build.0 = Debug|Any CPU
		{29D5DFC4-A40F-4C04-97AA-2CA2A1967CEC}.Release|Any CPU.ActiveCfg = Release|Any CPU
		{29D5DFC4-A40F-4C04-97AA-2CA2A1967CEC}.Release|Any CPU.Build.0 = Release|Any CPU
		{C64B01E3-BF3F-47CC-8CEC-AFB3E8036733}.Debug|Any CPU.ActiveCfg = Debug|Any CPU
		{C64B01E3-BF3F-47CC-8CEC-AFB3E8036733}.Debug|Any CPU.Build.0 = Debug|Any CPU
		{C64B01E3-BF3F-47CC-8CEC-AFB3E8036733}.Release|Any CPU.ActiveCfg = Release|Any CPU
		{C64B01E3-BF3F-47CC-8CEC-AFB3E8036733}.Release|Any CPU.Build.0 = Release|Any CPU
		{48D68ED6-0199-41DD-89FE-85F639831E0F}.Debug|Any CPU.ActiveCfg = Debug|Any CPU
		{48D68ED6-0199-41DD-89FE-85F639831E0F}.Debug|Any CPU.Build.0 = Debug|Any CPU
		{48D68ED6-0199-41DD-89FE-85F639831E0F}.Release|Any CPU.ActiveCfg = Release|Any CPU
		{48D68ED6-0199-41DD-89FE-85F639831E0F}.Release|Any CPU.Build.0 = Release|Any CPU
	EndGlobalSection
	GlobalSection(SolutionProperties) = preSolution
		HideSolutionNode = FALSE
	EndGlobalSection
	GlobalSection(NestedProjects) = preSolution
		{C64B01E3-BF3F-47CC-8CEC-AFB3E8036733} = {A9AB1118-61C6-48E4-8D7B-9DC51B0C3658}
		{48D68ED6-0199-41DD-89FE-85F639831E0F} = {A9AB1118-61C6-48E4-8D7B-9DC51B0C3658}
	EndGlobalSection
EndGlobal
